
Microsoft Visual Studio Solution File, Format Version 12.00
# Visual Studio Version 17
VisualStudioVersion = 17.8.34309.116
MinimumVisualStudioVersion = 10.0.40219.1
Project("{FAE04EC0-301F-11D3-BF4B-00C04F79EFBC}") = "College", "College\College.csproj", "{600907DC-8E41-4624-9F2D-C4F96A8E05B2}"
EndProject
Global
	GlobalSection(SolutionConfigurationPlatforms) = preSolution
		Debug|Any CPU = Debug|Any CPU
		Release|Any CPU = Release|Any CPU
	EndGlobalSection
	GlobalSection(ProjectConfigurationPlatforms) = postSolution
		{600907DC-8E41-4624-9F2D-C4F96A8E05B2}.Debug|Any CPU.ActiveCfg = Debug|Any CPU
		{600907DC-8E41-4624-9F2D-C4F96A8E05B2}.Debug|Any CPU.Build.0 = Debug|Any CPU
		{600907DC-8E41-4624-9F2D-C4F96A8E05B2}.Release|Any CPU.ActiveCfg = Release|Any CPU
		{600907DC-8E41-4624-9F2D-C4F96A8E05B2}.Release|Any CPU.Build.0 = Release|Any CPU
	EndGlobalSection
	GlobalSection(SolutionProperties) = preSolution
		HideSolutionNode = FALSE
	EndGlobalSection
	GlobalSection(ExtensibilityGlobals) = postSolution
		SolutionGuid = {946DE1F0-A600-40C2-A2B7-182F1C5D3AB0}
	EndGlobalSection
EndGlobal
